lockfileVersion: '9.0'

settings:
  autoInstallPeers: true
  excludeLinksFromLockfile: false

importers:

  .:
    dependencies:
      '@tanstack/store':
        specifier: ^0.7.7
        version: 0.7.7

packages:

  '@tanstack/store@0.7.7':
    resolution: {integrity: sha512-xa6pTan1bcaqYDS9BDpSiS63qa6EoDkPN9RsRaxHuDdVDNntzq3xNwR5YKTU/V3SkSyC9T4YVOPh2zRQN0nhIQ==}

snapshots:

  '@tanstack/store@0.7.7': {}
